// !$*UTF8*$!
{
	archiveVersion = 1;
	classes = {
	};
	objectVersion = 50;
	objects = {

/* Begin PBXBuildFile section */
		7B2C81B8252BAB170042A241 /* AppDelegate.swift in Sources */ = {isa = PBXBuildFile; fileRef = 7B2C81B7252BAB170042A241 /* AppDelegate.swift */; };
		7B2C81BA252BAB170042A241 /* ViewController.swift in Sources */ = {isa = PBXBuildFile; fileRef = 7B2C81B9252BAB170042A241 /* ViewController.swift */; };
		7B2C81BD252BAB170042A241 /* Main.storyboard in Resources */ = {isa = PBXBuildFile; fileRef = 7B2C81BB252BAB170042A241 /* Main.storyboard */; };
		7B2C81BF252BAB190042A241 /* Assets.xcassets in Resources */ = {isa = PBXBuildFile; fileRef = 7B2C81BE252BAB190042A241 /* Assets.xcassets */; };
		7B2C81C2252BAB190042A241 /* LaunchScreen.storyboard in Resources */ = {isa = PBXBuildFile; fileRef = 7B2C81C0252BAB190042A241 /* LaunchScreen.storyboard */; };
		7B2C81CD252BAB190042A241 /* King_of_20_v2Tests.swift in Sources */ = {isa = PBXBuildFile; fileRef = 7B2C81CC252BAB190042A241 /* King_of_20_v2Tests.swift */; };
		7B2C81D8252BAB190042A241 /* King_of_20_v2UITests.swift in Sources */ = {isa = PBXBuildFile; fileRef = 7B2C81D7252BAB190042A241 /* King_of_20_v2UITests.swift */; };
/* End PBXBuildFile section */

/* Begin PBXContainerItemProxy section */
		7B2C81C9252BAB190042A241 /* PBXContainerItemProxy */ = {
			isa = PBXContainerItemProxy;
			containerPortal = 7B2C81AC252BAB170042A241 /* Project object */;
			proxyType = 1;
			remoteGlobalIDString = 7B2C81B3252BAB170042A241;
			remoteInfo = "King of 20 v2";
		};
		7B2C81D4252BAB190042A241 /* PBXContainerItemProxy */ = {
			isa = PBXContainerItemProxy;
			containerPortal = 7B2C81AC252BAB170042A241 /* Project object */;
			proxyType = 1;
			remoteGlobalIDString = 7B2C81B3252BAB170042A241;
			remoteInfo = "King of 20 v2";
		};
/* End PBXContainerItemProxy section */

/* Begin PBXFileReference section */
		7B2C81B4252BAB170042A241 /* King of 20 v2.app */ = {isa = PBXFileReference; explicitFileType = wrapper.application; includeInIndex = 0; path = "King of 20 v2.app"; sourceTree = BUILT_PRODUCTS_DIR; };
		7B2C81B7252BAB170042A241 /* AppDelegate.swift */ = {isa = PBXFileReference; lastKnownFileType = sourcecode.swift; path = AppDelegate.swift; sourceTree = "<group>"; };
		7B2C81B9252BAB170042A241 /* ViewController.swift */ = {isa = PBXFileReference; lastKnownFileType = sourcecode.swift; path = ViewController.swift; sourceTree = "<group>"; };
		7B2C81BC252BAB170042A241 /* Base */ = {isa = PBXFileReference; lastKnownFileType = file.storyboard; name = Base; path = Base.lproj/Main.storyboard; sourceTree = "<group>"; };
		7B2C81BE252BAB190042A241 /* Assets.xcassets */ = {isa = PBXFileReference; lastKnownFileType = folder.assetcatalog; path = Assets.xcassets; sourceTree = "<group>"; };
		7B2C81C1252BAB190042A241 /* Base */ = {isa = PBXFileReference; lastKnownFileType = file.storyboard; name = Base; path = Base.lproj/LaunchScreen.storyboard; sourceTree = "<group>"; };
		7B2C81C3252BAB190042A241 /* Info.plist */ = {isa = PBXFileReference; lastKnownFileType = text.plist.xml; path = Info.plist; sourceTree = "<group>"; };
		7B2C81C8252BAB190042A241 /* King of 20 v2Tests.xctest */ = {isa = PBXFileReference; explicitFileType = wrapper.cfbundle; includeInIndex = 0; path = "King of 20 v2Tests.xctest"; sourceTree = BUILT_PRODUCTS_DIR; };
		7B2C81CC252BAB190042A241 /* King_of_20_v2Tests.swift */ = {isa = PBXFileReference; lastKnownFileType = sourcecode.swift; path = King_of_20_v2Tests.swift; sourceTree = "<group>"; };
		7B2C81CE252BAB190042A241 /* Info.plist */ = {isa = PBXFileReference; lastKnownFileType = text.plist.xml; path = Info.plist; sourceTree = "<group>"; };
		7B2C81D3252BAB190042A241 /* King of 20 v2UITests.xctest */ = {isa = PBXFileReference; explicitFileType = wrapper.cfbundle; includeInIndex = 0; path = "King of 20 v2UITests.xctest"; sourceTree = BUILT_PRODUCTS_DIR; };
		7B2C81D7252BAB190042A241 /* King_of_20_v2UITests.swift */ = {isa = PBXFileReference; lastKnownFileType = sourcecode.swift; path = King_of_20_v2UITests.swift; sourceTree = "<group>"; };
		7B2C81D9252BAB190042A241 /* Info.plist */ = {isa = PBXFileReference; lastKnownFileType = text.plist.xml; path = Info.plist; sourceTree = "<group>"; };
/* End PBXFileReference section */

/* Begin PBXFrameworksBuildPhase section */
		7B2C81B1252BAB170042A241 /* Frameworks */ = {
			isa = PBXFrameworksBuildPhase;
			buildActionMask = 2147483647;
			files = (
			);
			runOnlyForDeploymentPostprocessing = 0;
		};
		7B2C81C5252BAB190042A241 /* Frameworks */ = {
			isa = PBXFrameworksBuildPhase;
			buildActionMask = 2147483647;
			files = (
			);
			runOnlyForDeploymentPostprocessing = 0;
		};
		7B2C81D0252BAB190042A241 /* Frameworks */ = {
			isa = PBXFrameworksBuildPhase;
			buildActionMask = 2147483647;
			files = (
			);
			runOnlyForDeploymentPostprocessing = 0;
		};
/* End PBXFrameworksBuildPhase section */

/* Begin PBXGroup section */
		7B2C81AB252BAB170042A241 = {
			isa = PBXGroup;
			children = (
				7B2C81B6252BAB170042A241 /* King of 20 v2 */,
				7B2C81CB252BAB190042A241 /* King of 20 v2Tests */,
				7B2C81D6252BAB190042A241 /* King of 20 v2UITests */,
				7B2C81B5252BAB170042A241 /* Products */,
			);
			sourceTree = "<group>";
		};
		7B2C81B5252BAB170042A241 /* Products */ = {
			isa = PBXGroup;
			children = (
				7B2C81B4252BAB170042A241 /* King of 20 v2.app */,
				7B2C81C8252BAB190042A241 /* King of 20 v2Tests.xctest */,
				7B2C81D3252BAB190042A241 /* King of 20 v2UITests.xctest */,
			);
			name = Products;
			sourceTree = "<group>";
		};
		7B2C81B6252BAB170042A241 /* King of 20 v2 */ = {
			isa = PBXGroup;
			children = (
				7B2C81B7252BAB170042A241 /* AppDelegate.swift */,
				7B2C81B9252BAB170042A241 /* ViewController.swift */,
				7B2C81BB252BAB170042A241 /* Main.storyboard */,
				7B2C81BE252BAB190042A241 /* Assets.xcassets */,
				7B2C81C0252BAB190042A241 /* LaunchScreen.storyboard */,
				7B2C81C3252BAB190042A241 /* Info.plist */,
			);
			path = "King of 20 v2";
			sourceTree = "<group>";
		};
		7B2C81CB252BAB190042A241 /* King of 20 v2Tests */ = {
			isa = PBXGroup;
			children = (
				7B2C81CC252BAB190042A241 /* King_of_20_v2Tests.swift */,
				7B2C81CE252BAB190042A241 /* Info.plist */,
			);
			path = "King of 20 v2Tests";
			sourceTree = "<group>";
		};
		7B2C81D6252BAB190042A241 /* King of 20 v2UITests */ = {
			isa = PBXGroup;
			children = (
				7B2C81D7252BAB190042A241 /* King_of_20_v2UITests.swift */,
				7B2C81D9252BAB190042A241 /* Info.plist */,
			);
			path = "King of 20 v2UITests";
			sourceTree = "<group>";
		};
/* End PBXGroup section */

/* Begin PBXNativeTarget section */
		7B2C81B3252BAB170042A241 /* King of 20 v2 */ = {
			isa = PBXNativeTarget;
			buildConfigurationList = 7B2C81DC252BAB190042A241 /* Build configuration list for PBXNativeTarget "King of 20 v2" */;
			buildPhases = (
				7B2C81B0252BAB170042A241 /* Sources */,
				7B2C81B1252BAB170042A241 /* Frameworks */,
				7B2C81B2252BAB170042A241 /* Resources */,
			);
			buildRules = (
			);
			dependencies = (
			);
			name = "King of 20 v2";
			productName = "King of 20 v2";
			productReference = 7B2C81B4252BAB170042A241 /* King of 20 v2.app */;
			productType = "com.apple.product-type.application";
		};
		7B2C81C7252BAB190042A241 /* King of 20 v2Tests */ = {
			isa = PBXNativeTarget;
			buildConfigurationList = 7B2C81DF252BAB190042A241 /* Build configuration list for PBXNativeTarget "King of 20 v2Tests" */;
			buildPhases = (
				7B2C81C4252BAB190042A241 /* Sources */,
				7B2C81C5252BAB190042A241 /* Frameworks */,
				7B2C81C6252BAB190042A241 /* Resources */,
			);
			buildRules = (
			);
			dependencies = (
				7B2C81CA252BAB190042A241 /* PBXTargetDependency */,
			);
			name = "King of 20 v2Tests";
			productName = "King of 20 v2Tests";
			productReference = 7B2C81C8252BAB190042A241 /* King of 20 v2Tests.xctest */;
			productType = "com.apple.product-type.bundle.unit-test";
		};
		7B2C81D2252BAB190042A241 /* King of 20 v2UITests */ = {
			isa = PBXNativeTarget;
			buildConfigurationList = 7B2C81E2252BAB190042A241 /* Build configuration list for PBXNativeTarget "King of 20 v2UITests" */;
			buildPhases = (
				7B2C81CF252BAB190042A241 /* Sources */,
				7B2C81D0252BAB190042A241 /* Frameworks */,
				7B2C81D1252BAB190042A241 /* Resources */,
			);
			buildRules = (
			);
			dependencies = (
				7B2C81D5252BAB190042A241 /* PBXTargetDependency */,
			);
			name = "King of 20 v2UITests";
			productName = "King of 20 v2UITests";
			productReference = 7B2C81D3252BAB190042A241 /* King of 20 v2UITests.xctest */;
			productType = "com.apple.product-type.bundle.ui-testing";
		};
/* End PBXNativeTarget section */

/* Begin PBXProject section */
		7B2C81AC252BAB170042A241 /* Project object */ = {
			isa = PBXProject;
			attributes = {
				LastSwiftUpdateCheck = 1020;
				LastUpgradeCheck = 1020;
				ORGANIZATIONNAME = "Ishmael King";
				TargetAttributes = {
					7B2C81B3252BAB170042A241 = {
						CreatedOnToolsVersion = 10.2.1;
					};
					7B2C81C7252BAB190042A241 = {
						CreatedOnToolsVersion = 10.2.1;
						TestTargetID = 7B2C81B3252BAB170042A241;
					};
					7B2C81D2252BAB190042A241 = {
						CreatedOnToolsVersion = 10.2.1;
						TestTargetID = 7B2C81B3252BAB170042A241;
					};
				};
			};
			buildConfigurationList = 7B2C81AF252BAB170042A241 /* Build configuration list for PBXProject "King of 20 v2" */;
			compatibilityVersion = "Xcode 9.3";
			developmentRegion = en;
			hasScannedForEncodings = 0;
			knownRegions = (
				en,
				Base,
			);
			mainGroup = 7B2C81AB252BAB170042A241;
			productRefGroup = 7B2C81B5252BAB170042A241 /* Products */;
			projectDirPath = "";
			projectRoot = "";
			targets = (
				7B2C81B3252BAB170042A241 /* King of 20 v2 */,
				7B2C81C7252BAB190042A241 /* King of 20 v2Tests */,
				7B2C81D2252BAB190042A241 /* King of 20 v2UITests */,
			);
		};
/* End PBXProject section */

/* Begin PBXResourcesBuildPhase section */
		7B2C81B2252BAB170042A241 /* Resources */ = {
			isa = PBXResourcesBuildPhase;
			buildActionMask = 2147483647;
			files = (
				7B2C81C2252BAB190042A241 /* LaunchScreen.storyboard in Resources */,
				7B2C81BF252BAB190042A241 /* Assets.xcassets in Resources */,
				7B2C81BD252BAB170042A241 /* Main.storyboard in Resources */,
			);
			runOnlyForDeploymentPostprocessing = 0;
		};
		7B2C81C6252BAB190042A241 /* Resources */ = {
			isa = PBXResourcesBuildPhase;
			buildActionMask = 2147483647;
			files = (
			);
			runOnlyForDeploymentPostprocessing = 0;
		};
		7B2C81D1252BAB190042A241 /* Resources */ = {
			isa = PBXResourcesBuildPhase;
			buildActionMask = 2147483647;
			files = (
			);
			runOnlyForDeploymentPostprocessing = 0;
		};
/* End PBXResourcesBuildPhase section */

/* Begin PBXSourcesBuildPhase section */
		7B2C81B0252BAB170042A241 /* Sources */ = {
			isa = PBXSourcesBuildPhase;
			buildActionMask = 2147483647;
			files = (
				7B2C81BA252BAB170042A241 /* ViewController.swift in Sources */,
				7B2C81B8252BAB170042A241 /* AppDelegate.swift in Sources */,
			);
			runOnlyForDeploymentPostprocessing = 0;
		};
		7B2C81C4252BAB190042A241 /* Sources */ = {
			isa = PBXSourcesBuildPhase;
			buildActionMask = 2147483647;
			files = (
				7B2C81CD252BAB190042A241 /* King_of_20_v2Tests.swift in Sources */,
			);
			runOnlyForDeploymentPostprocessing = 0;
		};
		7B2C81CF252BAB190042A241 /* Sources */ = {
			isa = PBXSourcesBuildPhase;
			buildActionMask = 2147483647;
			files = (
				7B2C81D8252BAB190042A241 /* King_of_20_v2UITests.swift in Sources */,
			);
			runOnlyForDeploymentPostprocessing = 0;
		};
/* End PBXSourcesBuildPhase section */

/* Begin PBXTargetDependency section */
		7B2C81CA252BAB190042A241 /* PBXTargetDependency */ = {
			isa = PBXTargetDependency;
			target = 7B2C81B3252BAB170042A241 /* King of 20 v2 */;
			targetProxy = 7B2C81C9252BAB190042A241 /* PBXContainerItemProxy */;
		};
		7B2C81D5252BAB190042A241 /* PBXTargetDependency */ = {
			isa = PBXTargetDependency;
			target = 7B2C81B3252BAB170042A241 /* King of 20 v2 */;
			targetProxy = 7B2C81D4252BAB190042A241 /* PBXContainerItemProxy */;
		};
/* End PBXTargetDependency section */

/* Begin PBXVariantGroup section */
		7B2C81BB252BAB170042A241 /* Main.storyboard */ = {
			isa = PBXVariantGroup;
			children = (
				7B2C81BC252BAB170042A241 /* Base */,
			);
			name = Main.storyboard;
			sourceTree = "<group>";
		};
		7B2C81C0252BAB190042A241 /* LaunchScreen.storyboard */ = {
			isa = PBXVariantGroup;
			children = (
				7B2C81C1252BAB190042A241 /* Base */,
			);
			name = LaunchScreen.storyboard;
			sourceTree = "<group>";
		};
/* End PBXVariantGroup section */

/* Begin XCBuildConfiguration section */
		7B2C81DA252BAB190042A241 /* Debug */ = {
			isa = XCBuildConfiguration;
			buildSettings = {
				ALWAYS_SEARCH_USER_PATHS = NO;
				CLANG_ANALYZER_NONNULL = YES;
				CLANG_ANALYZER_NUMBER_OBJECT_CONVERSION = YES_AGGRESSIVE;
				CLANG_CXX_LANGUAGE_STANDARD = "gnu++14";
				CLANG_CXX_LIBRARY = "libc++";
				CLANG_ENABLE_MODULES = YES;
				CLANG_ENABLE_OBJC_ARC = YES;
				CLANG_ENABLE_OBJC_WEAK = YES;
				CLANG_WARN_BLOCK_CAPTURE_AUTORELEASING = YES;
				CLANG_WARN_BOOL_CONVERSION = YES;
				CLANG_WARN_COMMA = YES;
				CLANG_WARN_CONSTANT_CONVERSION = YES;
				CLANG_WARN_DEPRECATED_OBJC_IMPLEMENTATIONS = YES;
				CLANG_WARN_DIRECT_OBJC_ISA_USAGE = YES_ERROR;
				CLANG_WARN_DOCUMENTATION_COMMENTS = YES;
				CLANG_WARN_EMPTY_BODY = YES;
				CLANG_WARN_ENUM_CONVERSION = YES;
				CLANG_WARN_INFINITE_RECURSION = YES;
				CLANG_WARN_INT_CONVERSION = YES;
				CLANG_WARN_NON_LITERAL_NULL_CONVERSION = YES;
				CLANG_WARN_OBJC_IMPLICIT_RETAIN_SELF = YES;
				CLANG_WARN_OBJC_LITERAL_CONVERSION = YES;
				CLANG_WARN_OBJC_ROOT_CLASS = YES_ERROR;
				CLANG_WARN_RANGE_LOOP_ANALYSIS = YES;
				CLANG_WARN_STRICT_PROTOTYPES = YES;
				CLANG_WARN_SUSPICIOUS_MOVE = YES;
				CLANG_WARN_UNGUARDED_AVAILABILITY = YES_AGGRESSIVE;
				CLANG_WARN_UNREACHABLE_CODE = YES;
				CLANG_WARN__DUPLICATE_METHOD_MATCH = YES;
				CODE_SIGN_IDENTITY = "iPhone Developer";
				COPY_PHASE_STRIP = NO;
				DEBUG_INFORMATION_FORMAT = dwarf;
				ENABLE_STRICT_OBJC_MSGSEND = YES;
				ENABLE_TESTABILITY = YES;
				GCC_C_LANGUAGE_STANDARD = gnu11;
				GCC_DYNAMIC_NO_PIC = NO;
				GCC_NO_COMMON_BLOCKS = YES;
				GCC_OPTIMIZATION_LEVEL = 0;
				GCC_PREPROCESSOR_DEFINITIONS = (
					"DEBUG=1",
					"$(inherited)",
				);
				GCC_WARN_64_TO_32_BIT_CONVERSION = YES;
				GCC_WARN_ABOUT_RETURN_TYPE = YES_ERROR;
				GCC_WARN_UNDECLARED_SELECTOR = YES;
				GCC_WARN_UNINITIALIZED_AUTOS = YES_AGGRESSIVE;
				GCC_WARN_UNUSED_FUNCTION = YES;
				GCC_WARN_UNUSED_VARIABLE = YES;
				IPHONEOS_DEPLOYMENT_TARGET = 12.2;
				MTL_ENABLE_DEBUG_INFO = INCLUDE_SOURCE;
				MTL_FAST_MATH = YES;
				ONLY_ACTIVE_ARCH = YES;
				SDKROOT = iphoneos;
				SWIFT_ACTIVE_COMPILATION_CONDITIONS = DEBUG;
				SWIFT_OPTIMIZATION_LEVEL = "-Onone";
			};
			name = Debug;
		};
		7B2C81DB252BAB190042A241 /* Release */ = {
			isa = XCBuildConfiguration;
			buildSettings = {
				ALWAYS_SEARCH_USER_PATHS = NO;
				CLANG_ANALYZER_NONNULL = YES;
				CLANG_ANALYZER_NUMBER_OBJECT_CONVERSION = YES_AGGRESSIVE;
				CLANG_CXX_LANGUAGE_STANDARD = "gnu++14";
				CLANG_CXX_LIBRARY = "libc++";
				CLANG_ENABLE_MODULES = YES;
				CLANG_ENABLE_OBJC_ARC = YES;
				CLANG_ENABLE_OBJC_WEAK = YES;
				CLANG_WARN_BLOCK_CAPTURE_AUTORELEASING = YES;
				CLANG_WARN_BOOL_CONVERSION = YES;
				CLANG_WARN_COMMA = YES;
				CLANG_WARN_CONSTANT_CONVERSION = YES;
				CLANG_WARN_DEPRECATED_OBJC_IMPLEMENTATIONS = YES;
				CLANG_WARN_DIRECT_OBJC_ISA_USAGE = YES_ERROR;
				CLANG_WARN_DOCUMENTATION_COMMENTS = YES;
				CLANG_WARN_EMPTY_BODY = YES;
				CLANG_WARN_ENUM_CONVERSION = YES;
				CLANG_WARN_INFINITE_RECURSION = YES;
				CLANG_WARN_INT_CONVERSION = YES;
				CLANG_WARN_NON_LITERAL_NULL_CONVERSION = YES;
				CLANG_WARN_OBJC_IMPLICIT_RETAIN_SELF = YES;
				CLANG_WARN_OBJC_LITERAL_CONVERSION = YES;
				CLANG_WARN_OBJC_ROOT_CLASS = YES_ERROR;
				CLANG_WARN_RANGE_LOOP_ANALYSIS = YES;
				CLANG_WARN_STRICT_PROTOTYPES = YES;
				CLANG_WARN_SUSPICIOUS_MOVE = YES;
				CLANG_WARN_UNGUARDED_AVAILABILITY = YES_AGGRESSIVE;
				CLANG_WARN_UNREACHABLE_CODE = YES;
				CLANG_WARN__DUPLICATE_METHOD_MATCH = YES;
				CODE_SIGN_IDENTITY = "iPhone Developer";
				COPY_PHASE_STRIP = NO;
				DEBUG_INFORMATION_FORMAT = "dwarf-with-dsym";
				ENABLE_NS_ASSERTIONS = NO;
				ENABLE_STRICT_OBJC_MSGSEND = YES;
				GCC_C_LANGUAGE_STANDARD = gnu11;
				GCC_NO_COMMON_BLOCKS = YES;
				GCC_WARN_64_TO_32_BIT_CONVERSION = YES;
				GCC_WARN_ABOUT_RETURN_TYPE = YES_ERROR;
				GCC_WARN_UNDECLARED_SELECTOR = YES;
				GCC_WARN_UNINITIALIZED_AUTOS = YES_AGGRESSIVE;
				GCC_WARN_UNUSED_FUNCTION = YES;
				GCC_WARN_UNUSED_VARIABLE = YES;
				IPHONEOS_DEPLOYMENT_TARGET = 12.2;
				MTL_ENABLE_DEBUG_INFO = NO;
				MTL_FAST_MATH = YES;
				SDKROOT = iphoneos;
				SWIFT_COMPILATION_MODE = wholemodule;
				SWIFT_OPTIMIZATION_LEVEL = "-O";
				VALIDATE_PRODUCT = YES;
			};
			name = Release;
		};
		7B2C81DD252BAB190042A241 /* Debug */ = {
			isa = XCBuildConfiguration;
			buildSettings = {
				ASSETCATALOG_COMPILER_APPICON_NAME = AppIcon;
				CODE_SIGN_STYLE = Automatic;
				DEVELOPMENT_TEAM = 4K784E8VET;
				INFOPLIST_FILE = "King of 20 v2/Info.plist";
				LD_RUNPATH_SEARCH_PATHS = (
					"$(inherited)",
					"@executable_path/Frameworks",
				);
				PRODUCT_BUNDLE_IDENTIFIER = "King-of-20.King-of-20-v2";
				PRODUCT_NAME = "$(TARGET_NAME)";
				SWIFT_VERSION = 5.0;
				TARGETED_DEVICE_FAMILY = "1,2";
			};
			name = Debug;
		};
		7B2C81DE252BAB190042A241 /* Release */ = {
			isa = XCBuildConfiguration;
			buildSettings = {
				ASSETCATALOG_COMPILER_APPICON_NAME = AppIcon;
				CODE_SIGN_STYLE = Automatic;
				DEVELOPMENT_TEAM = 4K784E8VET;
				INFOPLIST_FILE = "King of 20 v2/Info.plist";
				LD_RUNPATH_SEARCH_PATHS = (
					"$(inherited)",
					"@executable_path/Frameworks",
				);
				PRODUCT_BUNDLE_IDENTIFIER = "King-of-20.King-of-20-v2";
				PRODUCT_NAME = "$(TARGET_NAME)";
				SWIFT_VERSION = 5.0;
				TARGETED_DEVICE_FAMILY = "1,2";
			};
			name = Release;
		};
		7B2C81E0252BAB190042A241 /* Debug */ = {
			isa = XCBuildConfiguration;
			buildSettings = {
				ALWAYS_EMBED_SWIFT_STANDARD_LIBRARIES = YES;
				BUNDLE_LOADER = "$(TEST_HOST)";
				CODE_SIGN_STYLE = Automatic;
				DEVELOPMENT_TEAM = 4K784E8VET;
				INFOPLIST_FILE = "King of 20 v2Tests/Info.plist";
				LD_RUNPATH_SEARCH_PATHS = (
					"$(inherited)",
					"@executable_path/Frameworks",
					"@loader_path/Frameworks",
				);
				PRODUCT_BUNDLE_IDENTIFIER = "King-of-20.King-of-20-v2Tests";
				PRODUCT_NAME = "$(TARGET_NAME)";
				SWIFT_VERSION = 5.0;
				TARGETED_DEVICE_FAMILY = "1,2";
				TEST_HOST = "$(BUILT_PRODUCTS_DIR)/King of 20 v2.app/King of 20 v2";
			};
			name = Debug;
		};
		7B2C81E1252BAB190042A241 /* Release */ = {
			isa = XCBuildConfiguration;
			buildSettings = {
				ALWAYS_EMBED_SWIFT_STANDARD_LIBRARIES = YES;
				BUNDLE_LOADER = "$(TEST_HOST)";
				CODE_SIGN_STYLE = Automatic;
				DEVELOPMENT_TEAM = 4K784E8VET;
				INFOPLIST_FILE = "King of 20 v2Tests/Info.plist";
				LD_RUNPATH_SEARCH_PATHS = (
					"$(inherited)",
					"@executable_path/Frameworks",
					"@loader_path/Frameworks",
				);
				PRODUCT_BUNDLE_IDENTIFIER = "King-of-20.King-of-20-v2Tests";
				PRODUCT_NAME = "$(TARGET_NAME)";
				SWIFT_VERSION = 5.0;
				TARGETED_DEVICE_FAMILY = "1,2";
				TEST_HOST = "$(BUILT_PRODUCTS_DIR)/King of 20 v2.app/King of 20 v2";
			};
			name = Release;
		};
		7B2C81E3252BAB190042A241 /* Debug */ = {
			isa = XCBuildConfiguration;
			buildSettings = {
				ALWAYS_EMBED_SWIFT_STANDARD_LIBRARIES = YES;
				CODE_SIGN_STYLE = Automatic;
				DEVELOPMENT_TEAM = 4K784E8VET;
				INFOPLIST_FILE = "King of 20 v2UITests/Info.plist";
				LD_RUNPATH_SEARCH_PATHS = (
					"$(inherited)",
					"@executable_path/Frameworks",
					"@loader_path/Frameworks",
				);
				PRODUCT_BUNDLE_IDENTIFIER = "King-of-20.King-of-20-v2UITests";
				PRODUCT_NAME = "$(TARGET_NAME)";
				SWIFT_VERSION = 5.0;
				TARGETED_DEVICE_FAMILY = "1,2";
				TEST_TARGET_NAME = "King of 20 v2";
			};
			name = Debug;
		};
		7B2C81E4252BAB190042A241 /* Release */ = {
			isa = XCBuildConfiguration;
			buildSettings = {
				ALWAYS_EMBED_SWIFT_STANDARD_LIBRARIES = YES;
				CODE_SIGN_STYLE = Automatic;
				DEVELOPMENT_TEAM = 4K784E8VET;
				INFOPLIST_FILE = "King of 20 v2UITests/Info.plist";
				LD_RUNPATH_SEARCH_PATHS = (
					"$(inherited)",
					"@executable_path/Frameworks",
					"@loader_path/Frameworks",
				);
				PRODUCT_BUNDLE_IDENTIFIER = "King-of-20.King-of-20-v2UITests";
				PRODUCT_NAME = "$(TARGET_NAME)";
				SWIFT_VERSION = 5.0;
				TARGETED_DEVICE_FAMILY = "1,2";
				TEST_TARGET_NAME = "King of 20 v2";
			};
			name = Release;
		};
/* End XCBuildConfiguration section */

/* Begin XCConfigurationList section */
		7B2C81AF252BAB170042A241 /* Build configuration list for PBXProject "King of 20 v2" */ = {
			isa = XCConfigurationList;
			buildConfigurations = (
				7B2C81DA252BAB190042A241 /* Debug */,
				7B2C81DB252BAB190042A241 /* Release */,
			);
			defaultConfigurationIsVisible = 0;
			defaultConfigurationName = Release;
		};
		7B2C81DC252BAB190042A241 /* Build configuration list for PBXNativeTarget "King of 20 v2" */ = {
			isa = XCConfigurationList;
			buildConfigurations = (
				7B2C81DD252BAB190042A241 /* Debug */,
				7B2C81DE252BAB190042A241 /* Release */,
			);
			defaultConfigurationIsVisible = 0;
			defaultConfigurationName = Release;
		};
		7B2C81DF252BAB190042A241 /* Build configuration list for PBXNativeTarget "King of 20 v2Tests" */ = {
			isa = XCConfigurationList;
			buildConfigurations = (
				7B2C81E0252BAB190042A241 /* Debug */,
				7B2C81E1252BAB190042A241 /* Release */,
			);
			defaultConfigurationIsVisible = 0;
			defaultConfigurationName = Release;
		};
		7B2C81E2252BAB190042A241 /* Build configuration list for PBXNativeTarget "King of 20 v2UITests" */ = {
			isa = XCConfigurationList;
			buildConfigurations = (
				7B2C81E3252BAB190042A241 /* Debug */,
				7B2C81E4252BAB190042A241 /* Release */,
			);
			defaultConfigurationIsVisible = 0;
			defaultConfigurationName = Release;
		};
/* End XCConfigurationList section */
	};
	rootObject = 7B2C81AC252BAB170042A241 /* Project object */;
}
