// !$*UTF8*$!
{
	archiveVersion = 1;
	classes = {
	};
	objectVersion = 50;
	objects = {

/* Begin PBXBuildFile section */
		7B39FD19261910B300B0614D /* SignOutView.swift in Sources */ = {isa = PBXBuildFile; fileRef = 7B39FD18261910B300B0614D /* SignOutView.swift */; };
		7B49E24625F74FBB002D2873 /* SignInRequestTest.swift in Sources */ = {isa = PBXBuildFile; fileRef = 7B49E24525F74FBB002D2873 /* SignInRequestTest.swift */; };
		7B589F192611AF6700AC027C /* SignInView.swift in Sources */ = {isa = PBXBuildFile; fileRef = 7B589F182611AF6700AC027C /* SignInView.swift */; };
		7B5BF42C26089148002E3E4F /* MockWebRequest.swift in Sources */ = {isa = PBXBuildFile; fileRef = 7B5BF42B26089147002E3E4F /* MockWebRequest.swift */; };
		7B6EB8C325956C9A003B4326 /* SignInRequest.swift in Sources */ = {isa = PBXBuildFile; fileRef = 7B6EB8C225956C99003B4326 /* SignInRequest.swift */; };
		7B6EB8C82595CBD7003B4326 /* URLConstants.swift in Sources */ = {isa = PBXBuildFile; fileRef = 7B6EB8C72595CBD6003B4326 /* URLConstants.swift */; };
		7B7AABCE25576A1700C7CB4B /* User.swift in Sources */ = {isa = PBXBuildFile; fileRef = 7B7AABCD25576A1700C7CB4B /* User.swift */; };
		7B7AABD725576AB100C7CB4B /* UserController.swift in Sources */ = {isa = PBXBuildFile; fileRef = 7B7AABD625576AB100C7CB4B /* UserController.swift */; };
		7BACD2D12551C81F00F8C345 /* WebRequest.swift in Sources */ = {isa = PBXBuildFile; fileRef = 7BACD2D02551C81F00F8C345 /* WebRequest.swift */; };
		7BD556E025462B0D0012BA20 /* Kof20App.swift in Sources */ = {isa = PBXBuildFile; fileRef = 7BD556DF25462B0D0012BA20 /* Kof20App.swift */; };
		7BD556E225462B0D0012BA20 /* MainMenuView.swift in Sources */ = {isa = PBXBuildFile; fileRef = 7BD556E125462B0D0012BA20 /* MainMenuView.swift */; };
		7BD556E425462B100012BA20 /* Assets.xcassets in Resources */ = {isa = PBXBuildFile; fileRef = 7BD556E325462B100012BA20 /* Assets.xcassets */; };
		7BD556E725462B100012BA20 /* Preview Assets.xcassets in Resources */ = {isa = PBXBuildFile; fileRef = 7BD556E625462B100012BA20 /* Preview Assets.xcassets */; };
		7BD556F225462B100012BA20 /* Kof20Tests.swift in Sources */ = {isa = PBXBuildFile; fileRef = 7BD556F125462B100012BA20 /* Kof20Tests.swift */; };
		7BD556FD25462B100012BA20 /* Kof20UITests.swift in Sources */ = {isa = PBXBuildFile; fileRef = 7BD556FC25462B100012BA20 /* Kof20UITests.swift */; };
		7BD557522546301B0012BA20 /* ColorExtensions.swift in Sources */ = {isa = PBXBuildFile; fileRef = 7BD557512546301B0012BA20 /* ColorExtensions.swift */; };
		7BD5575B2546A3820012BA20 /* ActionButton.swift in Sources */ = {isa = PBXBuildFile; fileRef = 7BD5575A2546A3820012BA20 /* ActionButton.swift */; };
/* End PBXBuildFile section */

/* Begin PBXContainerItemProxy section */
		7BD556EE25462B100012BA20 /* PBXContainerItemProxy */ = {
			isa = PBXContainerItemProxy;
			containerPortal = 7BD556D425462B0D0012BA20 /* Project object */;
			proxyType = 1;
			remoteGlobalIDString = 7BD556DB25462B0D0012BA20;
			remoteInfo = Kof20;
		};
		7BD556F925462B100012BA20 /* PBXContainerItemProxy */ = {
			isa = PBXContainerItemProxy;
			containerPortal = 7BD556D425462B0D0012BA20 /* Project object */;
			proxyType = 1;
			remoteGlobalIDString = 7BD556DB25462B0D0012BA20;
			remoteInfo = Kof20;
		};
/* End PBXContainerItemProxy section */

/* Begin PBXFileReference section */
		7B39FD18261910B300B0614D /* SignOutView.swift */ = {isa = PBXFileReference; fileEncoding = 4; lastKnownFileType = sourcecode.swift; path = SignOutView.swift; sourceTree = "<group>"; };
		7B49E24525F74FBB002D2873 /* SignInRequestTest.swift */ = {isa = PBXFileReference; lastKnownFileType = sourcecode.swift; path = SignInRequestTest.swift; sourceTree = "<group>"; };
		7B589F182611AF6700AC027C /* SignInView.swift */ = {isa = PBXFileReference; lastKnownFileType = sourcecode.swift; path = SignInView.swift; sourceTree = "<group>"; };
		7B5BF42B26089147002E3E4F /* MockWebRequest.swift */ = {isa = PBXFileReference; lastKnownFileType = sourcecode.swift; path = MockWebRequest.swift; sourceTree = "<group>"; };
		7B6EB8C225956C99003B4326 /* SignInRequest.swift */ = {isa = PBXFileReference; lastKnownFileType = sourcecode.swift; path = SignInRequest.swift; sourceTree = "<group>"; };
		7B6EB8C72595CBD6003B4326 /* URLConstants.swift */ = {isa = PBXFileReference; lastKnownFileType = sourcecode.swift; path = URLConstants.swift; sourceTree = "<group>"; };
		7B7AABCD25576A1700C7CB4B /* User.swift */ = {isa = PBXFileReference; lastKnownFileType = sourcecode.swift; path = User.swift; sourceTree = "<group>"; };
		7B7AABD625576AB100C7CB4B /* UserController.swift */ = {isa = PBXFileReference; lastKnownFileType = sourcecode.swift; path = UserController.swift; sourceTree = "<group>"; };
		7BACD2D02551C81F00F8C345 /* WebRequest.swift */ = {isa = PBXFileReference; lastKnownFileType = sourcecode.swift; path = WebRequest.swift; sourceTree = "<group>"; };
		7BD556DC25462B0D0012BA20 /* Kof20.app */ = {isa = PBXFileReference; explicitFileType = wrapper.application; includeInIndex = 0; path = Kof20.app; sourceTree = BUILT_PRODUCTS_DIR; };
		7BD556DF25462B0D0012BA20 /* Kof20App.swift */ = {isa = PBXFileReference; lastKnownFileType = sourcecode.swift; path = Kof20App.swift; sourceTree = "<group>"; };
		7BD556E125462B0D0012BA20 /* MainMenuView.swift */ = {isa = PBXFileReference; lastKnownFileType = sourcecode.swift; path = MainMenuView.swift; sourceTree = "<group>"; };
		7BD556E325462B100012BA20 /* Assets.xcassets */ = {isa = PBXFileReference; lastKnownFileType = folder.assetcatalog; path = Assets.xcassets; sourceTree = "<group>"; };
		7BD556E625462B100012BA20 /* Preview Assets.xcassets */ = {isa = PBXFileReference; lastKnownFileType = folder.assetcatalog; path = "Preview Assets.xcassets"; sourceTree = "<group>"; };
		7BD556E825462B100012BA20 /* Info.plist */ = {isa = PBXFileReference; lastKnownFileType = text.plist.xml; path = Info.plist; sourceTree = "<group>"; };
		7BD556ED25462B100012BA20 /* Kof20Tests.xctest */ = {isa = PBXFileReference; explicitFileType = wrapper.cfbundle; includeInIndex = 0; path = Kof20Tests.xctest; sourceTree = BUILT_PRODUCTS_DIR; };
		7BD556F125462B100012BA20 /* Kof20Tests.swift */ = {isa = PBXFileReference; lastKnownFileType = sourcecode.swift; path = Kof20Tests.swift; sourceTree = "<group>"; };
		7BD556F325462B100012BA20 /* Info.plist */ = {isa = PBXFileReference; lastKnownFileType = text.plist.xml; path = Info.plist; sourceTree = "<group>"; };
		7BD556F825462B100012BA20 /* Kof20UITests.xctest */ = {isa = PBXFileReference; explicitFileType = wrapper.cfbundle; includeInIndex = 0; path = Kof20UITests.xctest; sourceTree = BUILT_PRODUCTS_DIR; };
		7BD556FC25462B100012BA20 /* Kof20UITests.swift */ = {isa = PBXFileReference; lastKnownFileType = sourcecode.swift; path = Kof20UITests.swift; sourceTree = "<group>"; };
		7BD556FE25462B100012BA20 /* Info.plist */ = {isa = PBXFileReference; lastKnownFileType = text.plist.xml; path = Info.plist; sourceTree = "<group>"; };
		7BD557512546301B0012BA20 /* ColorExtensions.swift */ = {isa = PBXFileReference; lastKnownFileType = sourcecode.swift; path = ColorExtensions.swift; sourceTree = "<group>"; };
		7BD5575A2546A3820012BA20 /* ActionButton.swift */ = {isa = PBXFileReference; lastKnownFileType = sourcecode.swift; path = ActionButton.swift; sourceTree = "<group>"; };
/* End PBXFileReference section */

/* Begin PBXFrameworksBuildPhase section */
		7BD556D925462B0D0012BA20 /* Frameworks */ = {
			isa = PBXFrameworksBuildPhase;
			buildActionMask = 2147483647;
			files = (
			);
			runOnlyForDeploymentPostprocessing = 0;
		};
		7BD556EA25462B100012BA20 /* Frameworks */ = {
			isa = PBXFrameworksBuildPhase;
			buildActionMask = 2147483647;
			files = (
			);
			runOnlyForDeploymentPostprocessing = 0;
		};
		7BD556F525462B100012BA20 /* Frameworks */ = {
			isa = PBXFrameworksBuildPhase;
			buildActionMask = 2147483647;
			files = (
			);
			runOnlyForDeploymentPostprocessing = 0;
		};
/* End PBXFrameworksBuildPhase section */

/* Begin PBXGroup section */
		7B49E23E25F74E34002D2873 /* Networking */ = {
			isa = PBXGroup;
			children = (
				7B49E24525F74FBB002D2873 /* SignInRequestTest.swift */,
			);
			path = Networking;
			sourceTree = "<group>";
		};
		7B589F172611AF2900AC027C /* Pages */ = {
			isa = PBXGroup;
			children = (
				7B589F182611AF6700AC027C /* SignInView.swift */,
				7B39FD18261910B300B0614D /* SignOutView.swift */,
			);
			path = Pages;
			sourceTree = "<group>";
		};
		7B5BF42A2608912D002E3E4F /* Helpers */ = {
			isa = PBXGroup;
			children = (
				7B5BF42B26089147002E3E4F /* MockWebRequest.swift */,
			);
			path = Helpers;
			sourceTree = "<group>";
		};
		7B7AABCC25576A0500C7CB4B /* Models */ = {
			isa = PBXGroup;
			children = (
				7B7AABD525576A8200C7CB4B /* Model Controllers */,
				7B7AABCD25576A1700C7CB4B /* User.swift */,
			);
			path = Models;
			sourceTree = "<group>";
		};
		7B7AABD525576A8200C7CB4B /* Model Controllers */ = {
			isa = PBXGroup;
			children = (
				7B7AABD625576AB100C7CB4B /* UserController.swift */,
			);
			path = "Model Controllers";
			sourceTree = "<group>";
		};
		7BACD2CF2551C80B00F8C345 /* Utilities */ = {
			isa = PBXGroup;
			children = (
				7BACD2D02551C81F00F8C345 /* WebRequest.swift */,
			);
			path = Utilities;
			sourceTree = "<group>";
		};
		7BACD2DB2551DAE800F8C345 /* Networking */ = {
			isa = PBXGroup;
			children = (
				7B6EB8C225956C99003B4326 /* SignInRequest.swift */,
			);
			path = Networking;
			sourceTree = "<group>";
		};
		7BB70CB32595CD8B00824082 /* Constants */ = {
			isa = PBXGroup;
			children = (
				7B6EB8C72595CBD6003B4326 /* URLConstants.swift */,
			);
			path = Constants;
			sourceTree = "<group>";
		};
		7BD556D325462B0D0012BA20 = {
			isa = PBXGroup;
			children = (
				7BD556DE25462B0D0012BA20 /* Kof20 */,
				7BD556F025462B100012BA20 /* Kof20Tests */,
				7BD556FB25462B100012BA20 /* Kof20UITests */,
				7BD556DD25462B0D0012BA20 /* Products */,
			);
			sourceTree = "<group>";
		};
		7BD556DD25462B0D0012BA20 /* Products */ = {
			isa = PBXGroup;
			children = (
				7BD556DC25462B0D0012BA20 /* Kof20.app */,
				7BD556ED25462B100012BA20 /* Kof20Tests.xctest */,
				7BD556F825462B100012BA20 /* Kof20UITests.xctest */,
			);
			name = Products;
			sourceTree = "<group>";
		};
		7BD556DE25462B0D0012BA20 /* Kof20 */ = {
			isa = PBXGroup;
			children = (
				7B589F172611AF2900AC027C /* Pages */,
				7BB70CB32595CD8B00824082 /* Constants */,
				7B7AABCC25576A0500C7CB4B /* Models */,
				7BACD2DB2551DAE800F8C345 /* Networking */,
				7BACD2CF2551C80B00F8C345 /* Utilities */,
				7BD557592546A33B0012BA20 /* Widgets */,
				7BD5574F25462FCC0012BA20 /* Extensions */,
				7BD556DF25462B0D0012BA20 /* Kof20App.swift */,
				7BD556E125462B0D0012BA20 /* MainMenuView.swift */,
				7BD556E325462B100012BA20 /* Assets.xcassets */,
				7BD556E825462B100012BA20 /* Info.plist */,
				7BD556E525462B100012BA20 /* Preview Content */,
			);
			path = Kof20;
			sourceTree = "<group>";
		};
		7BD556E525462B100012BA20 /* Preview Content */ = {
			isa = PBXGroup;
			children = (
				7BD556E625462B100012BA20 /* Preview Assets.xcassets */,
			);
			path = "Preview Content";
			sourceTree = "<group>";
		};
		7BD556F025462B100012BA20 /* Kof20Tests */ = {
			isa = PBXGroup;
			children = (
				7B5BF42A2608912D002E3E4F /* Helpers */,
				7B49E23E25F74E34002D2873 /* Networking */,
				7BD556F125462B100012BA20 /* Kof20Tests.swift */,
				7BD556F325462B100012BA20 /* Info.plist */,
			);
			path = Kof20Tests;
			sourceTree = "<group>";
		};
		7BD556FB25462B100012BA20 /* Kof20UITests */ = {
			isa = PBXGroup;
			children = (
				7BD556FC25462B100012BA20 /* Kof20UITests.swift */,
				7BD556FE25462B100012BA20 /* Info.plist */,
			);
			path = Kof20UITests;
			sourceTree = "<group>";
		};
		7BD5574F25462FCC0012BA20 /* Extensions */ = {
			isa = PBXGroup;
			children = (
				7BD557512546301B0012BA20 /* ColorExtensions.swift */,
			);
			path = Extensions;
			sourceTree = "<group>";
		};
		7BD557592546A33B0012BA20 /* Widgets */ = {
			isa = PBXGroup;
			children = (
				7BD5575A2546A3820012BA20 /* ActionButton.swift */,
			);
			path = Widgets;
			sourceTree = "<group>";
		};
/* End PBXGroup section */

/* Begin PBXNativeTarget section */
		7BD556DB25462B0D0012BA20 /* Kof20 */ = {
			isa = PBXNativeTarget;
			buildConfigurationList = 7BD5570125462B100012BA20 /* Build configuration list for PBXNativeTarget "Kof20" */;
			buildPhases = (
				7BD556D825462B0D0012BA20 /* Sources */,
				7BD556D925462B0D0012BA20 /* Frameworks */,
				7BD556DA25462B0D0012BA20 /* Resources */,
			);
			buildRules = (
			);
			dependencies = (
			);
			name = Kof20;
			productName = Kof20;
			productReference = 7BD556DC25462B0D0012BA20 /* Kof20.app */;
			productType = "com.apple.product-type.application";
		};
		7BD556EC25462B100012BA20 /* Kof20Tests */ = {
			isa = PBXNativeTarget;
			buildConfigurationList = 7BD5570425462B100012BA20 /* Build configuration list for PBXNativeTarget "Kof20Tests" */;
			buildPhases = (
				7BD556E925462B100012BA20 /* Sources */,
				7BD556EA25462B100012BA20 /* Frameworks */,
				7BD556EB25462B100012BA20 /* Resources */,
			);
			buildRules = (
			);
			dependencies = (
				7BD556EF25462B100012BA20 /* PBXTargetDependency */,
			);
			name = Kof20Tests;
			productName = Kof20Tests;
			productReference = 7BD556ED25462B100012BA20 /* Kof20Tests.xctest */;
			productType = "com.apple.product-type.bundle.unit-test";
		};
		7BD556F725462B100012BA20 /* Kof20UITests */ = {
			isa = PBXNativeTarget;
			buildConfigurationList = 7BD5570725462B100012BA20 /* Build configuration list for PBXNativeTarget "Kof20UITests" */;
			buildPhases = (
				7BD556F425462B100012BA20 /* Sources */,
				7BD556F525462B100012BA20 /* Frameworks */,
				7BD556F625462B100012BA20 /* Resources */,
			);
			buildRules = (
			);
			dependencies = (
				7BD556FA25462B100012BA20 /* PBXTargetDependency */,
			);
			name = Kof20UITests;
			productName = Kof20UITests;
			productReference = 7BD556F825462B100012BA20 /* Kof20UITests.xctest */;
			productType = "com.apple.product-type.bundle.ui-testing";
		};
/* End PBXNativeTarget section */

/* Begin PBXProject section */
		7BD556D425462B0D0012BA20 /* Project object */ = {
			isa = PBXProject;
			attributes = {
				LastSwiftUpdateCheck = 1210;
				LastUpgradeCheck = 1210;
				TargetAttributes = {
					7BD556DB25462B0D0012BA20 = {
						CreatedOnToolsVersion = 12.1;
					};
					7BD556EC25462B100012BA20 = {
						CreatedOnToolsVersion = 12.1;
						TestTargetID = 7BD556DB25462B0D0012BA20;
					};
					7BD556F725462B100012BA20 = {
						CreatedOnToolsVersion = 12.1;
						TestTargetID = 7BD556DB25462B0D0012BA20;
					};
				};
			};
			buildConfigurationList = 7BD556D725462B0D0012BA20 /* Build configuration list for PBXProject "Kof20" */;
			compatibilityVersion = "Xcode 9.3";
			developmentRegion = en;
			hasScannedForEncodings = 0;
			knownRegions = (
				en,
				Base,
			);
			mainGroup = 7BD556D325462B0D0012BA20;
			productRefGroup = 7BD556DD25462B0D0012BA20 /* Products */;
			projectDirPath = "";
			projectRoot = "";
			targets = (
				7BD556DB25462B0D0012BA20 /* Kof20 */,
				7BD556EC25462B100012BA20 /* Kof20Tests */,
				7BD556F725462B100012BA20 /* Kof20UITests */,
			);
		};
/* End PBXProject section */

/* Begin PBXResourcesBuildPhase section */
		7BD556DA25462B0D0012BA20 /* Resources */ = {
			isa = PBXResourcesBuildPhase;
			buildActionMask = 2147483647;
			files = (
				7BD556E725462B100012BA20 /* Preview Assets.xcassets in Resources */,
				7BD556E425462B100012BA20 /* Assets.xcassets in Resources */,
			);
			runOnlyForDeploymentPostprocessing = 0;
		};
		7BD556EB25462B100012BA20 /* Resources */ = {
			isa = PBXResourcesBuildPhase;
			buildActionMask = 2147483647;
			files = (
			);
			runOnlyForDeploymentPostprocessing = 0;
		};
		7BD556F625462B100012BA20 /* Resources */ = {
			isa = PBXResourcesBuildPhase;
			buildActionMask = 2147483647;
			files = (
			);
			runOnlyForDeploymentPostprocessing = 0;
		};
/* End PBXResourcesBuildPhase section */

/* Begin PBXSourcesBuildPhase section */
		7BD556D825462B0D0012BA20 /* Sources */ = {
			isa = PBXSourcesBuildPhase;
			buildActionMask = 2147483647;
			files = (
				7BACD2D12551C81F00F8C345 /* WebRequest.swift in Sources */,
				7B7AABD725576AB100C7CB4B /* UserController.swift in Sources */,
				7B6EB8C82595CBD7003B4326 /* URLConstants.swift in Sources */,
				7BD556E225462B0D0012BA20 /* MainMenuView.swift in Sources */,
				7B589F192611AF6700AC027C /* SignInView.swift in Sources */,
				7BD556E025462B0D0012BA20 /* Kof20App.swift in Sources */,
				7B6EB8C325956C9A003B4326 /* SignInRequest.swift in Sources */,
				7BD557522546301B0012BA20 /* ColorExtensions.swift in Sources */,
				7B39FD19261910B300B0614D /* SignOutView.swift in Sources */,
				7B7AABCE25576A1700C7CB4B /* User.swift in Sources */,
				7BD5575B2546A3820012BA20 /* ActionButton.swift in Sources */,
			);
			runOnlyForDeploymentPostprocessing = 0;
		};
		7BD556E925462B100012BA20 /* Sources */ = {
			isa = PBXSourcesBuildPhase;
			buildActionMask = 2147483647;
			files = (
				7B5BF42C26089148002E3E4F /* MockWebRequest.swift in Sources */,
				7BD556F225462B100012BA20 /* Kof20Tests.swift in Sources */,
				7B49E24625F74FBB002D2873 /* SignInRequestTest.swift in Sources */,
			);
			runOnlyForDeploymentPostprocessing = 0;
		};
		7BD556F425462B100012BA20 /* Sources */ = {
			isa = PBXSourcesBuildPhase;
			buildActionMask = 2147483647;
			files = (
				7BD556FD25462B100012BA20 /* Kof20UITests.swift in Sources */,
			);
			runOnlyForDeploymentPostprocessing = 0;
		};
/* End PBXSourcesBuildPhase section */

/* Begin PBXTargetDependency section */
		7BD556EF25462B100012BA20 /* PBXTargetDependency */ = {
			isa = PBXTargetDependency;
			target = 7BD556DB25462B0D0012BA20 /* Kof20 */;
			targetProxy = 7BD556EE25462B100012BA20 /* PBXContainerItemProxy */;
		};
		7BD556FA25462B100012BA20 /* PBXTargetDependency */ = {
			isa = PBXTargetDependency;
			target = 7BD556DB25462B0D0012BA20 /* Kof20 */;
			targetProxy = 7BD556F925462B100012BA20 /* PBXContainerItemProxy */;
		};
/* End PBXTargetDependency section */

/* Begin XCBuildConfiguration section */
		7BD556FF25462B100012BA20 /* Debug */ = {
			isa = XCBuildConfiguration;
			buildSettings = {
				ALWAYS_SEARCH_USER_PATHS = NO;
				CLANG_ANALYZER_NONNULL = YES;
				CLANG_ANALYZER_NUMBER_OBJECT_CONVERSION = YES_AGGRESSIVE;
				CLANG_CXX_LANGUAGE_STANDARD = "gnu++14";
				CLANG_CXX_LIBRARY = "libc++";
				CLANG_ENABLE_MODULES = YES;
				CLANG_ENABLE_OBJC_ARC = YES;
				CLANG_ENABLE_OBJC_WEAK = YES;
				CLANG_WARN_BLOCK_CAPTURE_AUTORELEASING = YES;
				CLANG_WARN_BOOL_CONVERSION = YES;
				CLANG_WARN_COMMA = YES;
				CLANG_WARN_CONSTANT_CONVERSION = YES;
				CLANG_WARN_DEPRECATED_OBJC_IMPLEMENTATIONS = YES;
				CLANG_WARN_DIRECT_OBJC_ISA_USAGE = YES_ERROR;
				CLANG_WARN_DOCUMENTATION_COMMENTS = YES;
				CLANG_WARN_EMPTY_BODY = YES;
				CLANG_WARN_ENUM_CONVERSION = YES;
				CLANG_WARN_INFINITE_RECURSION = YES;
				CLANG_WARN_INT_CONVERSION = YES;
				CLANG_WARN_NON_LITERAL_NULL_CONVERSION = YES;
				CLANG_WARN_OBJC_IMPLICIT_RETAIN_SELF = YES;
				CLANG_WARN_OBJC_LITERAL_CONVERSION = YES;
				CLANG_WARN_OBJC_ROOT_CLASS = YES_ERROR;
				CLANG_WARN_QUOTED_INCLUDE_IN_FRAMEWORK_HEADER = YES;
				CLANG_WARN_RANGE_LOOP_ANALYSIS = YES;
				CLANG_WARN_STRICT_PROTOTYPES = YES;
				CLANG_WARN_SUSPICIOUS_MOVE = YES;
				CLANG_WARN_UNGUARDED_AVAILABILITY = YES_AGGRESSIVE;
				CLANG_WARN_UNREACHABLE_CODE = YES;
				CLANG_WARN__DUPLICATE_METHOD_MATCH = YES;
				COPY_PHASE_STRIP = NO;
				DEBUG_INFORMATION_FORMAT = dwarf;
				ENABLE_STRICT_OBJC_MSGSEND = YES;
				ENABLE_TESTABILITY = YES;
				GCC_C_LANGUAGE_STANDARD = gnu11;
				GCC_DYNAMIC_NO_PIC = NO;
				GCC_NO_COMMON_BLOCKS = YES;
				GCC_OPTIMIZATION_LEVEL = 0;
				GCC_PREPROCESSOR_DEFINITIONS = (
					"DEBUG=1",
					"$(inherited)",
				);
				GCC_WARN_64_TO_32_BIT_CONVERSION = YES;
				GCC_WARN_ABOUT_RETURN_TYPE = YES_ERROR;
				GCC_WARN_UNDECLARED_SELECTOR = YES;
				GCC_WARN_UNINITIALIZED_AUTOS = YES_AGGRESSIVE;
				GCC_WARN_UNUSED_FUNCTION = YES;
				GCC_WARN_UNUSED_VARIABLE = YES;
				IPHONEOS_DEPLOYMENT_TARGET = 14.1;
				MTL_ENABLE_DEBUG_INFO = INCLUDE_SOURCE;
				MTL_FAST_MATH = YES;
				ONLY_ACTIVE_ARCH = YES;
				SDKROOT = iphoneos;
				SWIFT_ACTIVE_COMPILATION_CONDITIONS = DEBUG;
				SWIFT_OPTIMIZATION_LEVEL = "-Onone";
			};
			name = Debug;
		};
		7BD5570025462B100012BA20 /* Release */ = {
			isa = XCBuildConfiguration;
			buildSettings = {
				ALWAYS_SEARCH_USER_PATHS = NO;
				CLANG_ANALYZER_NONNULL = YES;
				CLANG_ANALYZER_NUMBER_OBJECT_CONVERSION = YES_AGGRESSIVE;
				CLANG_CXX_LANGUAGE_STANDARD = "gnu++14";
				CLANG_CXX_LIBRARY = "libc++";
				CLANG_ENABLE_MODULES = YES;
				CLANG_ENABLE_OBJC_ARC = YES;
				CLANG_ENABLE_OBJC_WEAK = YES;
				CLANG_WARN_BLOCK_CAPTURE_AUTORELEASING = YES;
				CLANG_WARN_BOOL_CONVERSION = YES;
				CLANG_WARN_COMMA = YES;
				CLANG_WARN_CONSTANT_CONVERSION = YES;
				CLANG_WARN_DEPRECATED_OBJC_IMPLEMENTATIONS = YES;
				CLANG_WARN_DIRECT_OBJC_ISA_USAGE = YES_ERROR;
				CLANG_WARN_DOCUMENTATION_COMMENTS = YES;
				CLANG_WARN_EMPTY_BODY = YES;
				CLANG_WARN_ENUM_CONVERSION = YES;
				CLANG_WARN_INFINITE_RECURSION = YES;
				CLANG_WARN_INT_CONVERSION = YES;
				CLANG_WARN_NON_LITERAL_NULL_CONVERSION = YES;
				CLANG_WARN_OBJC_IMPLICIT_RETAIN_SELF = YES;
				CLANG_WARN_OBJC_LITERAL_CONVERSION = YES;
				CLANG_WARN_OBJC_ROOT_CLASS = YES_ERROR;
				CLANG_WARN_QUOTED_INCLUDE_IN_FRAMEWORK_HEADER = YES;
				CLANG_WARN_RANGE_LOOP_ANALYSIS = YES;
				CLANG_WARN_STRICT_PROTOTYPES = YES;
				CLANG_WARN_SUSPICIOUS_MOVE = YES;
				CLANG_WARN_UNGUARDED_AVAILABILITY = YES_AGGRESSIVE;
				CLANG_WARN_UNREACHABLE_CODE = YES;
				CLANG_WARN__DUPLICATE_METHOD_MATCH = YES;
				COPY_PHASE_STRIP = NO;
				DEBUG_INFORMATION_FORMAT = "dwarf-with-dsym";
				ENABLE_NS_ASSERTIONS = NO;
				ENABLE_STRICT_OBJC_MSGSEND = YES;
				GCC_C_LANGUAGE_STANDARD = gnu11;
				GCC_NO_COMMON_BLOCKS = YES;
				GCC_WARN_64_TO_32_BIT_CONVERSION = YES;
				GCC_WARN_ABOUT_RETURN_TYPE = YES_ERROR;
				GCC_WARN_UNDECLARED_SELECTOR = YES;
				GCC_WARN_UNINITIALIZED_AUTOS = YES_AGGRESSIVE;
				GCC_WARN_UNUSED_FUNCTION = YES;
				GCC_WARN_UNUSED_VARIABLE = YES;
				IPHONEOS_DEPLOYMENT_TARGET = 14.1;
				MTL_ENABLE_DEBUG_INFO = NO;
				MTL_FAST_MATH = YES;
				SDKROOT = iphoneos;
				SWIFT_COMPILATION_MODE = wholemodule;
				SWIFT_OPTIMIZATION_LEVEL = "-O";
				VALIDATE_PRODUCT = YES;
			};
			name = Release;
		};
		7BD5570225462B100012BA20 /* Debug */ = {
			isa = XCBuildConfiguration;
			buildSettings = {
				ASSETCATALOG_COMPILER_APPICON_NAME = AppIcon;
				ASSETCATALOG_COMPILER_GLOBAL_ACCENT_COLOR_NAME = AccentColor;
				CODE_SIGN_STYLE = Automatic;
				DEVELOPMENT_ASSET_PATHS = "\"Kof20/Preview Content\"";
				DEVELOPMENT_TEAM = 43VBT3CF5Y;
				ENABLE_PREVIEWS = YES;
				INFOPLIST_FILE = Kof20/Info.plist;
				IPHONEOS_DEPLOYMENT_TARGET = 14.0;
				LD_RUNPATH_SEARCH_PATHS = (
					"$(inherited)",
					"@executable_path/Frameworks",
				);
				ONLY_ACTIVE_ARCH = YES;
				PRODUCT_BUNDLE_IDENTIFIER = "King-of-20.Kof20-Local";
				PRODUCT_NAME = "$(TARGET_NAME)";
				SWIFT_VERSION = 5.0;
				TARGETED_DEVICE_FAMILY = "1,2";
			};
			name = Debug;
		};
		7BD5570325462B100012BA20 /* Release */ = {
			isa = XCBuildConfiguration;
			buildSettings = {
				ASSETCATALOG_COMPILER_APPICON_NAME = AppIcon;
				ASSETCATALOG_COMPILER_GLOBAL_ACCENT_COLOR_NAME = AccentColor;
				CODE_SIGN_STYLE = Automatic;
				DEVELOPMENT_ASSET_PATHS = "\"Kof20/Preview Content\"";
				DEVELOPMENT_TEAM = 43VBT3CF5Y;
				ENABLE_PREVIEWS = YES;
				INFOPLIST_FILE = Kof20/Info.plist;
				IPHONEOS_DEPLOYMENT_TARGET = 14.0;
				LD_RUNPATH_SEARCH_PATHS = (
					"$(inherited)",
					"@executable_path/Frameworks",
				);
				PRODUCT_BUNDLE_IDENTIFIER = "King-of-20.Kof20-Local";
				PRODUCT_NAME = "$(TARGET_NAME)";
				SWIFT_VERSION = 5.0;
				TARGETED_DEVICE_FAMILY = "1,2";
			};
			name = Release;
		};
		7BD5570525462B100012BA20 /* Debug */ = {
			isa = XCBuildConfiguration;
			buildSettings = {
				ALWAYS_EMBED_SWIFT_STANDARD_LIBRARIES = YES;
				BUNDLE_LOADER = "$(TEST_HOST)";
				CODE_SIGN_STYLE = Automatic;
				DEVELOPMENT_TEAM = 4K784E8VET;
				INFOPLIST_FILE = Kof20Tests/Info.plist;
				IPHONEOS_DEPLOYMENT_TARGET = 14.0;
				LD_RUNPATH_SEARCH_PATHS = (
					"$(inherited)",
					"@executable_path/Frameworks",
					"@loader_path/Frameworks",
				);
				PRODUCT_BUNDLE_IDENTIFIER = "King-of-20.Kof20Tests";
				PRODUCT_NAME = "$(TARGET_NAME)";
				SWIFT_VERSION = 5.0;
				TARGETED_DEVICE_FAMILY = "1,2";
				TEST_HOST = "$(BUILT_PRODUCTS_DIR)/Kof20.app/Kof20";
			};
			name = Debug;
		};
		7BD5570625462B100012BA20 /* Release */ = {
			isa = XCBuildConfiguration;
			buildSettings = {
				ALWAYS_EMBED_SWIFT_STANDARD_LIBRARIES = YES;
				BUNDLE_LOADER = "$(TEST_HOST)";
				CODE_SIGN_STYLE = Automatic;
				DEVELOPMENT_TEAM = 4K784E8VET;
				INFOPLIST_FILE = Kof20Tests/Info.plist;
				IPHONEOS_DEPLOYMENT_TARGET = 14.0;
				LD_RUNPATH_SEARCH_PATHS = (
					"$(inherited)",
					"@executable_path/Frameworks",
					"@loader_path/Frameworks",
				);
				PRODUCT_BUNDLE_IDENTIFIER = "King-of-20.Kof20Tests";
				PRODUCT_NAME = "$(TARGET_NAME)";
				SWIFT_VERSION = 5.0;
				TARGETED_DEVICE_FAMILY = "1,2";
				TEST_HOST = "$(BUILT_PRODUCTS_DIR)/Kof20.app/Kof20";
			};
			name = Release;
		};
		7BD5570825462B100012BA20 /* Debug */ = {
			isa = XCBuildConfiguration;
			buildSettings = {
				ALWAYS_EMBED_SWIFT_STANDARD_LIBRARIES = YES;
				CODE_SIGN_STYLE = Automatic;
				DEVELOPMENT_TEAM = 4K784E8VET;
				INFOPLIST_FILE = Kof20UITests/Info.plist;
				LD_RUNPATH_SEARCH_PATHS = (
					"$(inherited)",
					"@executable_path/Frameworks",
					"@loader_path/Frameworks",
				);
				PRODUCT_BUNDLE_IDENTIFIER = "King-of-20.Kof20UITests";
				PRODUCT_NAME = "$(TARGET_NAME)";
				SWIFT_VERSION = 5.0;
				TARGETED_DEVICE_FAMILY = "1,2";
				TEST_TARGET_NAME = Kof20;
			};
			name = Debug;
		};
		7BD5570925462B100012BA20 /* Release */ = {
			isa = XCBuildConfiguration;
			buildSettings = {
				ALWAYS_EMBED_SWIFT_STANDARD_LIBRARIES = YES;
				CODE_SIGN_STYLE = Automatic;
				DEVELOPMENT_TEAM = 4K784E8VET;
				INFOPLIST_FILE = Kof20UITests/Info.plist;
				LD_RUNPATH_SEARCH_PATHS = (
					"$(inherited)",
					"@executable_path/Frameworks",
					"@loader_path/Frameworks",
				);
				PRODUCT_BUNDLE_IDENTIFIER = "King-of-20.Kof20UITests";
				PRODUCT_NAME = "$(TARGET_NAME)";
				SWIFT_VERSION = 5.0;
				TARGETED_DEVICE_FAMILY = "1,2";
				TEST_TARGET_NAME = Kof20;
			};
			name = Release;
		};
/* End XCBuildConfiguration section */

/* Begin XCConfigurationList section */
		7BD556D725462B0D0012BA20 /* Build configuration list for PBXProject "Kof20" */ = {
			isa = XCConfigurationList;
			buildConfigurations = (
				7BD556FF25462B100012BA20 /* Debug */,
				7BD5570025462B100012BA20 /* Release */,
			);
			defaultConfigurationIsVisible = 0;
			defaultConfigurationName = Release;
		};
		7BD5570125462B100012BA20 /* Build configuration list for PBXNativeTarget "Kof20" */ = {
			isa = XCConfigurationList;
			buildConfigurations = (
				7BD5570225462B100012BA20 /* Debug */,
				7BD5570325462B100012BA20 /* Release */,
			);
			defaultConfigurationIsVisible = 0;
			defaultConfigurationName = Release;
		};
		7BD5570425462B100012BA20 /* Build configuration list for PBXNativeTarget "Kof20Tests" */ = {
			isa = XCConfigurationList;
			buildConfigurations = (
				7BD5570525462B100012BA20 /* Debug */,
				7BD5570625462B100012BA20 /* Release */,
			);
			defaultConfigurationIsVisible = 0;
			defaultConfigurationName = Release;
		};
		7BD5570725462B100012BA20 /* Build configuration list for PBXNativeTarget "Kof20UITests" */ = {
			isa = XCConfigurationList;
			buildConfigurations = (
				7BD5570825462B100012BA20 /* Debug */,
				7BD5570925462B100012BA20 /* Release */,
			);
			defaultConfigurationIsVisible = 0;
			defaultConfigurationName = Release;
		};
/* End XCConfigurationList section */
	};
	rootObject = 7BD556D425462B0D0012BA20 /* Project object */;
}
